
Microsoft Visual Studio Solution File, Format Version 12.00
# Visual Studio Version 17
VisualStudioVersion = 17.2.32210.308
MinimumVisualStudioVersion = 10.0.40219.1
Project("{2150E333-8FDC-42A3-9474-1A3956D46DE8}") = "Tests", "Tests", "{27E0707A-D571-4F9A-B74A-79F3E3DFBFFD}"
EndProject
Project("{9A19103F-16F7-4668-BE54-9A1E7A4F7556}") = "SecureData.Cryptography", "SecureData.Cryptography\SecureData.Cryptography.csproj", "{E070A4DD-93CA-4333-AEEF-C471E7893A36}"
EndProject
Project("{9A19103F-16F7-4668-BE54-9A1E7A4F7556}") = "SecureData.DataBase", "SecureData.DataBase\SecureData.DataBase.csproj", "{0BD2044E-281D-4A93-A9D3-A81AD0AE3264}"
	ProjectSection(ProjectDependencies) = postProject
		{E070A4DD-93CA-4333-AEEF-C471E7893A36} = {E070A4DD-93CA-4333-AEEF-C471E7893A36}
	EndProjectSection
EndProject
Project("{9A19103F-16F7-4668-BE54-9A1E7A4F7556}") = "SecureData.Tests.DataBase", "Tests\SecureData.Tests.DataBase\SecureData.Tests.DataBase.csproj", "{0BA15234-4D01-4C69-9B51-B2E891EBE586}"
EndProject
Project("{9A19103F-16F7-4668-BE54-9A1E7A4F7556}") = "SecureData.Tests.Cryptography", "Tests\SecureData.Tests.Cryptography\SecureData.Tests.Cryptography.csproj", "{581EFFB8-4744-4576-9497-663CB3B504CC}"
EndProject
Project("{FAE04EC0-301F-11D3-BF4B-00C04F79EFBC}") = "SecureData.Manager", "SecureData.Manager\SecureData.Manager.csproj", "{B21EFC2C-3773-4E04-B1BF-2A8D55B10DD4}"
EndProject
Global
	GlobalSection(SolutionConfigurationPlatforms) = preSolution
		Debug|Any CPU = Debug|Any CPU
		Debug|x64 = Debug|x64
		Debug|x86 = Debug|x86
		Release|Any CPU = Release|Any CPU
		Release|x64 = Release|x64
		Release|x86 = Release|x86
	EndGlobalSection
	GlobalSection(ProjectConfigurationPlatforms) = postSolution
		{E070A4DD-93CA-4333-AEEF-C471E7893A36}.Debug|Any CPU.ActiveCfg = Debug|Any CPU
		{E070A4DD-93CA-4333-AEEF-C471E7893A36}.Debug|Any CPU.Build.0 = Debug|Any CPU
		{E070A4DD-93CA-4333-AEEF-C471E7893A36}.Debug|x64.ActiveCfg = Debug|Any CPU
		{E070A4DD-93CA-4333-AEEF-C471E7893A36}.Debug|x64.Build.0 = Debug|Any CPU
		{E070A4DD-93CA-4333-AEEF-C471E7893A36}.Debug|x86.ActiveCfg = Debug|Any CPU
		{E070A4DD-93CA-4333-AEEF-C471E7893A36}.Debug|x86.Build.0 = Debug|Any CPU
		{E070A4DD-93CA-4333-AEEF-C471E7893A36}.Release|Any CPU.ActiveCfg = Release|Any CPU
		{E070A4DD-93CA-4333-AEEF-C471E7893A36}.Release|Any CPU.Build.0 = Release|Any CPU
		{E070A4DD-93CA-4333-AEEF-C471E7893A36}.Release|x64.ActiveCfg = Release|Any CPU
		{E070A4DD-93CA-4333-AEEF-C471E7893A36}.Release|x64.Build.0 = Release|Any CPU
		{E070A4DD-93CA-4333-AEEF-C471E7893A36}.Release|x86.ActiveCfg = Release|Any CPU
		{E070A4DD-93CA-4333-AEEF-C471E7893A36}.Release|x86.Build.0 = Release|Any CPU
		{0BD2044E-281D-4A93-A9D3-A81AD0AE3264}.Debug|Any CPU.ActiveCfg = Debug|Any CPU
		{0BD2044E-281D-4A93-A9D3-A81AD0AE3264}.Debug|Any CPU.Build.0 = Debug|Any CPU
		{0BD2044E-281D-4A93-A9D3-A81AD0AE3264}.Debug|x64.ActiveCfg = Debug|Any CPU
		{0BD2044E-281D-4A93-A9D3-A81AD0AE3264}.Debug|x64.Build.0 = Debug|Any CPU
		{0BD2044E-281D-4A93-A9D3-A81AD0AE3264}.Debug|x86.ActiveCfg = Debug|Any CPU
		{0BD2044E-281D-4A93-A9D3-A81AD0AE3264}.Debug|x86.Build.0 = Debug|Any CPU
		{0BD2044E-281D-4A93-A9D3-A81AD0AE3264}.Release|Any CPU.ActiveCfg = Release|Any CPU
		{0BD2044E-281D-4A93-A9D3-A81AD0AE3264}.Release|Any CPU.Build.0 = Release|Any CPU
		{0BD2044E-281D-4A93-A9D3-A81AD0AE3264}.Release|x64.ActiveCfg = Release|Any CPU
		{0BD2044E-281D-4A93-A9D3-A81AD0AE3264}.Release|x64.Build.0 = Release|Any CPU
		{0BD2044E-281D-4A93-A9D3-A81AD0AE3264}.Release|x86.ActiveCfg = Release|Any CPU
		{0BD2044E-281D-4A93-A9D3-A81AD0AE3264}.Release|x86.Build.0 = Release|Any CPU
		{0BA15234-4D01-4C69-9B51-B2E891EBE586}.Debug|Any CPU.ActiveCfg = Debug|Any CPU
		{0BA15234-4D01-4C69-9B51-B2E891EBE586}.Debug|Any CPU.Build.0 = Debug|Any CPU
		{0BA15234-4D01-4C69-9B51-B2E891EBE586}.Debug|x64.ActiveCfg = Debug|Any CPU
		{0BA15234-4D01-4C69-9B51-B2E891EBE586}.Debug|x64.Build.0 = Debug|Any CPU
		{0BA15234-4D01-4C69-9B51-B2E891EBE586}.Debug|x86.ActiveCfg = Debug|Any CPU
		{0BA15234-4D01-4C69-9B51-B2E891EBE586}.Debug|x86.Build.0 = Debug|Any CPU
		{0BA15234-4D01-4C69-9B51-B2E891EBE586}.Release|Any CPU.ActiveCfg = Release|Any CPU
		{0BA15234-4D01-4C69-9B51-B2E891EBE586}.Release|Any CPU.Build.0 = Release|Any CPU
		{0BA15234-4D01-4C69-9B51-B2E891EBE586}.Release|x64.ActiveCfg = Release|Any CPU
		{0BA15234-4D01-4C69-9B51-B2E891EBE586}.Release|x64.Build.0 = Release|Any CPU
		{0BA15234-4D01-4C69-9B51-B2E891EBE586}.Release|x86.ActiveCfg = Release|Any CPU
		{0BA15234-4D01-4C69-9B51-B2E891EBE586}.Release|x86.Build.0 = Release|Any CPU
		{581EFFB8-4744-4576-9497-663CB3B504CC}.Debug|Any CPU.ActiveCfg = Debug|Any CPU
		{581EFFB8-4744-4576-9497-663CB3B504CC}.Debug|Any CPU.Build.0 = Debug|Any CPU
		{581EFFB8-4744-4576-9497-663CB3B504CC}.Debug|x64.ActiveCfg = Debug|Any CPU
		{581EFFB8-4744-4576-9497-663CB3B504CC}.Debug|x64.Build.0 = Debug|Any CPU
		{581EFFB8-4744-4576-9497-663CB3B504CC}.Debug|x86.ActiveCfg = Debug|Any CPU
		{581EFFB8-4744-4576-9497-663CB3B504CC}.Debug|x86.Build.0 = Debug|Any CPU
		{581EFFB8-4744-4576-9497-663CB3B504CC}.Release|Any CPU.ActiveCfg = Release|Any CPU
		{581EFFB8-4744-4576-9497-663CB3B504CC}.Release|Any CPU.Build.0 = Release|Any CPU
		{581EFFB8-4744-4576-9497-663CB3B504CC}.Release|x64.ActiveCfg = Release|Any CPU
		{581EFFB8-4744-4576-9497-663CB3B504CC}.Release|x64.Build.0 = Release|Any CPU
		{581EFFB8-4744-4576-9497-663CB3B504CC}.Release|x86.ActiveCfg = Release|Any CPU
		{581EFFB8-4744-4576-9497-663CB3B504CC}.Release|x86.Build.0 = Release|Any CPU
		{B21EFC2C-3773-4E04-B1BF-2A8D55B10DD4}.Debug|Any CPU.ActiveCfg = Debug|Any CPU
		{B21EFC2C-3773-4E04-B1BF-2A8D55B10DD4}.Debug|Any CPU.Build.0 = Debug|Any CPU
		{B21EFC2C-3773-4E04-B1BF-2A8D55B10DD4}.Debug|x64.ActiveCfg = Debug|Any CPU
		{B21EFC2C-3773-4E04-B1BF-2A8D55B10DD4}.Debug|x64.Build.0 = Debug|Any CPU
		{B21EFC2C-3773-4E04-B1BF-2A8D55B10DD4}.Debug|x86.ActiveCfg = Debug|Any CPU
		{B21EFC2C-3773-4E04-B1BF-2A8D55B10DD4}.Debug|x86.Build.0 = Debug|Any CPU
		{B21EFC2C-3773-4E04-B1BF-2A8D55B10DD4}.Release|Any CPU.ActiveCfg = Release|Any CPU
		{B21EFC2C-3773-4E04-B1BF-2A8D55B10DD4}.Release|Any CPU.Build.0 = Release|Any CPU
		{B21EFC2C-3773-4E04-B1BF-2A8D55B10DD4}.Release|x64.ActiveCfg = Release|Any CPU
		{B21EFC2C-3773-4E04-B1BF-2A8D55B10DD4}.Release|x64.Build.0 = Release|Any CPU
		{B21EFC2C-3773-4E04-B1BF-2A8D55B10DD4}.Release|x86.ActiveCfg = Release|Any CPU
		{B21EFC2C-3773-4E04-B1BF-2A8D55B10DD4}.Release|x86.Build.0 = Release|Any CPU
	EndGlobalSection
	GlobalSection(SolutionProperties) = preSolution
		HideSolutionNode = FALSE
	EndGlobalSection
	GlobalSection(NestedProjects) = preSolution
		{0BA15234-4D01-4C69-9B51-B2E891EBE586} = {27E0707A-D571-4F9A-B74A-79F3E3DFBFFD}
		{581EFFB8-4744-4576-9497-663CB3B504CC} = {27E0707A-D571-4F9A-B74A-79F3E3DFBFFD}
	EndGlobalSection
	GlobalSection(ExtensibilityGlobals) = postSolution
		SolutionGuid = {D8991B64-5C77-4312-9264-D7EE3062DD77}
	EndGlobalSection
EndGlobal
